
Microsoft Visual Studio Solution File, Format Version 12.00
# Visual Studio 15
VisualStudioVersion = 15.0.28307.136
MinimumVisualStudioVersion = 10.0.40219.1
Project("{FAE04EC0-301F-11D3-BF4B-00C04F79EFBC}") = "InlineEmailImagesAspNetCore", "InlineEmailImagesAspNetCore\InlineEmailImagesAspNetCore.csproj", "{679C4472-3E6C-4AC5-B9BB-AAC82F7DC608}"
EndProject
Global
	GlobalSection(SolutionConfigurationPlatforms) = preSolution
		Debug|Any CPU = Debug|Any CPU
		Release|Any CPU = Release|Any CPU
	EndGlobalSection
	GlobalSection(ProjectConfigurationPlatforms) = postSolution
		{679C4472-3E6C-4AC5-B9BB-AAC82F7DC608}.Debug|Any CPU.ActiveCfg = Debug|Any CPU
		{679C4472-3E6C-4AC5-B9BB-AAC82F7DC608}.Debug|Any CPU.Build.0 = Debug|Any CPU
		{679C4472-3E6C-4AC5-B9BB-AAC82F7DC608}.Release|Any CPU.ActiveCfg = Release|Any CPU
		{679C4472-3E6C-4AC5-B9BB-AAC82F7DC608}.Release|Any CPU.Build.0 = Release|Any CPU
	EndGlobalSection
	GlobalSection(SolutionProperties) = preSolution
		HideSolutionNode = FALSE
	EndGlobalSection
	GlobalSection(ExtensibilityGlobals) = postSolution
		SolutionGuid = {DDC1E2D1-C893-4A47-BB08-D10A95156ACE}
	EndGlobalSection
EndGlobal
